
Microsoft Visual Studio Solution File, Format Version 12.00
# Visual Studio Version 17
VisualStudioVersion = 17.6.33723.286
MinimumVisualStudioVersion = 10.0.40219.1
Project("{FAE04EC0-301F-11D3-BF4B-00C04F79EFBC}") = "SoldCalc", "SoldCalc\SoldCalc.csproj", "{0B165A2C-AC10-4C92-8D5A-3683CB9DB207}"
EndProject
Global
	GlobalSection(SolutionConfigurationPlatforms) = preSolution
		Debug|Any CPU = Debug|Any CPU
		Release|Any CPU = Release|Any CPU
	EndGlobalSection
	GlobalSection(ProjectConfigurationPlatforms) = postSolution
		{0B165A2C-AC10-4C92-8D5A-3683CB9DB207}.Debug|Any CPU.ActiveCfg = Debug|Any CPU
		{0B165A2C-AC10-4C92-8D5A-3683CB9DB207}.Debug|Any CPU.Build.0 = Debug|Any CPU
		{0B165A2C-AC10-4C92-8D5A-3683CB9DB207}.Release|Any CPU.ActiveCfg = Release|Any CPU
		{0B165A2C-AC10-4C92-8D5A-3683CB9DB207}.Release|Any CPU.Build.0 = Release|Any CPU
	EndGlobalSection
	GlobalSection(SolutionProperties) = preSolution
		HideSolutionNode = FALSE
	EndGlobalSection
	GlobalSection(ExtensibilityGlobals) = postSolution
		SolutionGuid = {4CEA2EFE-36D2-4049-A071-82A2BCF0AE79}
	EndGlobalSection
EndGlobal
